{
  "name": "mock-project",
  "version": "1.0.0",
  "lockfileVersion": 3,
  "requires": true,
  "packages": {
    "": {
      "name": "mock-project",
      "version": "1.0.0"
    },
    "node_modules/lodash": {
      "version": "4.17.21",
      "resolved": "https://registry.npmjs.org/lodash/-/lodash-4.17.21.tgz"
    },
    "node_modules/chalk": {
      "version": "4.1.2"
    },
    "node_modules/some-lib": {
      "version": "1.0.0",
      "dependencies": {
        "lodash": "^4.17.19",
        "chalk": "^5.0.0"
      }
    },
    "node_modules/some-lib/node_modules/lodash": {
      "version": "4.17.19",
      "resolved": "https://registry.npmjs.org/lodash/-/lodash-4.17.19.tgz"
    },
    "node_modules/some-lib/node_modules/chalk": {
      "version": "5.0.0"
    }
  }
}
